
Microsoft Visual Studio Solution File, Format Version 12.00
# Visual Studio Version 16
VisualStudioVersion = 16.0.30907.101
MinimumVisualStudioVersion = 10.0.40219.1
Project("{FAE04EC0-301F-11D3-BF4B-00C04F79EFBC}") = "WARP.XrmConfigMigrationContextCreator", "WARP.XrmConfigMigrationContextCreator\WARP.XrmConfigMigrationContextCreator.csproj", "{00D525C0-78A9-4031-A3E8-CCC0CEB40362}"
EndProject
Project("{FAE04EC0-301F-11D3-BF4B-00C04F79EFBC}") = "WARP.XrmConfigMigrationContextCreator.Tests", "WARP.XrmConfigMigrationContextCreator.Tests\WARP.XrmConfigMigrationContextCreator.Tests.csproj", "{66F62949-7414-44C6-BDD3-7D323B6978C1}"
EndProject
Global
	GlobalSection(SolutionConfigurationPlatforms) = preSolution
		Debug|Any CPU = Debug|Any CPU
		Release|Any CPU = Release|Any CPU
	EndGlobalSection
	GlobalSection(ProjectConfigurationPlatforms) = postSolution
		{00D525C0-78A9-4031-A3E8-CCC0CEB40362}.Debug|Any CPU.ActiveCfg = Debug|Any CPU
		{00D525C0-78A9-4031-A3E8-CCC0CEB40362}.Debug|Any CPU.Build.0 = Debug|Any CPU
		{00D525C0-78A9-4031-A3E8-CCC0CEB40362}.Release|Any CPU.ActiveCfg = Release|Any CPU
		{00D525C0-78A9-4031-A3E8-CCC0CEB40362}.Release|Any CPU.Build.0 = Release|Any CPU
		{66F62949-7414-44C6-BDD3-7D323B6978C1}.Debug|Any CPU.ActiveCfg = Debug|Any CPU
		{66F62949-7414-44C6-BDD3-7D323B6978C1}.Debug|Any CPU.Build.0 = Debug|Any CPU
		{66F62949-7414-44C6-BDD3-7D323B6978C1}.Release|Any CPU.ActiveCfg = Release|Any CPU
		{66F62949-7414-44C6-BDD3-7D323B6978C1}.Release|Any CPU.Build.0 = Release|Any CPU
	EndGlobalSection
	GlobalSection(SolutionProperties) = preSolution
		HideSolutionNode = FALSE
	EndGlobalSection
	GlobalSection(ExtensibilityGlobals) = postSolution
		SolutionGuid = {9BA041ED-BC7B-4F39-B126-FC80DCCBD8E8}
	EndGlobalSection
EndGlobal
